
Microsoft Visual Studio Solution File, Format Version 12.00
# Visual Studio Version 16
VisualStudioVersion = 16.0.31424.327
MinimumVisualStudioVersion = 10.0.40219.1
Project("{8BC9CEB8-8B4A-11D0-8D11-00A0C91BC942}") = "XMLParser", "XMLParser.vcxproj", "{388C1BA0-B68C-4DEF-AA39-154116B074F6}"
EndProject
Global
	GlobalSection(SolutionConfigurationPlatforms) = preSolution
		Debug|x64 = Debug|x64
		Debug|x86 = Debug|x86
		Release|x64 = Release|x64
		Release|x86 = Release|x86
	EndGlobalSection
	GlobalSection(ProjectConfigurationPlatforms) = postSolution
		{388C1BA0-B68C-4DEF-AA39-154116B074F6}.Debug|x64.ActiveCfg = Debug|x64
		{388C1BA0-B68C-4DEF-AA39-154116B074F6}.Debug|x64.Build.0 = Debug|x64
		{388C1BA0-B68C-4DEF-AA39-154116B074F6}.Debug|x86.ActiveCfg = Debug|Win32
		{388C1BA0-B68C-4DEF-AA39-154116B074F6}.Debug|x86.Build.0 = Debug|Win32
		{388C1BA0-B68C-4DEF-AA39-154116B074F6}.Release|x64.ActiveCfg = Release|x64
		{388C1BA0-B68C-4DEF-AA39-154116B074F6}.Release|x64.Build.0 = Release|x64
		{388C1BA0-B68C-4DEF-AA39-154116B074F6}.Release|x86.ActiveCfg = Release|Win32
		{388C1BA0-B68C-4DEF-AA39-154116B074F6}.Release|x86.Build.0 = Release|Win32
	EndGlobalSection
	GlobalSection(SolutionProperties) = preSolution
		HideSolutionNode = FALSE
	EndGlobalSection
	GlobalSection(ExtensibilityGlobals) = postSolution
		SolutionGuid = {CBBAD28D-F913-4F70-8524-DA7E41239CBB}
	EndGlobalSection
EndGlobal
